
Microsoft Visual Studio Solution File, Format Version 12.00
# Visual Studio Version 17
VisualStudioVersion = 17.11.35222.181
MinimumVisualStudioVersion = 10.0.40219.1
Project("{8BC9CEB8-8B4A-11D0-8D11-00A0C91BC942}") = "Json2Header", "TetrisAI.vcxproj", "{D25C1FA4-9066-46D0-8D05-746A312F2A09}"
EndProject
Project("{8BC9CEB8-8B4A-11D0-8D11-00A0C91BC942}") = "MinocacheValidate", "..\MinocacheValidate\MinocacheValidate.vcxproj", "{68C9C3EE-D585-4EE5-8591-3D28C8F1DC77}"
EndProject
Project("{8BC9CEB8-8B4A-11D0-8D11-00A0C91BC942}") = "MovegenTest", "..\MovegenTest\MovegenTest.vcxproj", "{C5E443D0-7C1C-4D1C-8DED-073F62BD93EE}"
EndProject
Global
	GlobalSection(SolutionConfigurationPlatforms) = preSolution
		Debug|x64 = Debug|x64
		Debug|x86 = Debug|x86
		Release|x64 = Release|x64
		Release|x86 = Release|x86
	EndGlobalSection
	GlobalSection(ProjectConfigurationPlatforms) = postSolution
		{D25C1FA4-9066-46D0-8D05-746A312F2A09}.Debug|x64.ActiveCfg = Debug|x64
		{D25C1FA4-9066-46D0-8D05-746A312F2A09}.Debug|x64.Build.0 = Debug|x64
		{D25C1FA4-9066-46D0-8D05-746A312F2A09}.Debug|x86.ActiveCfg = Debug|Win32
		{D25C1FA4-9066-46D0-8D05-746A312F2A09}.Debug|x86.Build.0 = Debug|Win32
		{D25C1FA4-9066-46D0-8D05-746A312F2A09}.Release|x64.ActiveCfg = Release|x64
		{D25C1FA4-9066-46D0-8D05-746A312F2A09}.Release|x64.Build.0 = Release|x64
		{D25C1FA4-9066-46D0-8D05-746A312F2A09}.Release|x86.ActiveCfg = Release|Win32
		{D25C1FA4-9066-46D0-8D05-746A312F2A09}.Release|x86.Build.0 = Release|Win32
		{68C9C3EE-D585-4EE5-8591-3D28C8F1DC77}.Debug|x64.ActiveCfg = Debug|x64
		{68C9C3EE-D585-4EE5-8591-3D28C8F1DC77}.Debug|x64.Build.0 = Debug|x64
		{68C9C3EE-D585-4EE5-8591-3D28C8F1DC77}.Debug|x86.ActiveCfg = Debug|Win32
		{68C9C3EE-D585-4EE5-8591-3D28C8F1DC77}.Debug|x86.Build.0 = Debug|Win32
		{68C9C3EE-D585-4EE5-8591-3D28C8F1DC77}.Release|x64.ActiveCfg = Release|x64
		{68C9C3EE-D585-4EE5-8591-3D28C8F1DC77}.Release|x64.Build.0 = Release|x64
		{68C9C3EE-D585-4EE5-8591-3D28C8F1DC77}.Release|x86.ActiveCfg = Release|Win32
		{68C9C3EE-D585-4EE5-8591-3D28C8F1DC77}.Release|x86.Build.0 = Release|Win32
		{C5E443D0-7C1C-4D1C-8DED-073F62BD93EE}.Debug|x64.ActiveCfg = Debug|x64
		{C5E443D0-7C1C-4D1C-8DED-073F62BD93EE}.Debug|x64.Build.0 = Debug|x64
		{C5E443D0-7C1C-4D1C-8DED-073F62BD93EE}.Debug|x86.ActiveCfg = Debug|Win32
		{C5E443D0-7C1C-4D1C-8DED-073F62BD93EE}.Debug|x86.Build.0 = Debug|Win32
		{C5E443D0-7C1C-4D1C-8DED-073F62BD93EE}.Release|x64.ActiveCfg = Release|x64
		{C5E443D0-7C1C-4D1C-8DED-073F62BD93EE}.Release|x64.Build.0 = Release|x64
		{C5E443D0-7C1C-4D1C-8DED-073F62BD93EE}.Release|x86.ActiveCfg = Release|Win32
		{C5E443D0-7C1C-4D1C-8DED-073F62BD93EE}.Release|x86.Build.0 = Release|Win32
	EndGlobalSection
	GlobalSection(SolutionProperties) = preSolution
		HideSolutionNode = FALSE
	EndGlobalSection
	GlobalSection(ExtensibilityGlobals) = postSolution
		SolutionGuid = {DD10E87F-986C-46BC-A363-93567FF2337F}
	EndGlobalSection
EndGlobal
